
Microsoft Visual Studio Solution File, Format Version 12.00
# Visual Studio Version 18
VisualStudioVersion = 18.1.11312.151
MinimumVisualStudioVersion = 10.0.40219.1
Project("{FAE04EC0-301F-11D3-BF4B-00C04F79EFBC}") = "kbo", "kbo\kbo.csproj", "{49541CDD-5735-4121-9C92-83B33AB13DB1}"
EndProject
Project("{FAE04EC0-301F-11D3-BF4B-00C04F79EFBC}") = "belters", "belters\belters.csproj", "{23879FF8-5BEE-4AB7-9D63-4F2B3404C954}"
EndProject
Project("{FAE04EC0-301F-11D3-BF4B-00C04F79EFBC}") = "spaceport", "spaceport\spaceport.csproj", "{701D4B82-C8C2-4AF7-AF99-C2AD90F3311E}"
EndProject
Project("{FAE04EC0-301F-11D3-BF4B-00C04F79EFBC}") = "stm", "stm\stm.csproj", "{5A8E8D2F-D423-456C-8D8F-60DD0A271E1D}"
EndProject
Project("{FAE04EC0-301F-11D3-BF4B-00C04F79EFBC}") = "telescope", "telescope\telescope.csproj", "{0A2F1FA1-0AE7-4E59-B9C6-A203A60DFC25}"
EndProject
Project("{2150E333-8FDC-42A3-9474-1A3956D46DE8}") = "Solution Items", "Solution Items", "{F252BD60-32DB-4382-B0A0-71B188A86867}"
	ProjectSection(SolutionItems) = preProject
		README.md = README.md
	EndProjectSection
EndProject
Project("{FAE04EC0-301F-11D3-BF4B-00C04F79EFBC}") = "kuiper", "kuiper\kuiper.csproj", "{695FE8D8-FFE4-409E-B8DF-4DDF4F6E31BC}"
EndProject
Project("{FAE04EC0-301F-11D3-BF4B-00C04F79EFBC}") = "kuiper.Core", "kuiper.Core\kuiper.Core.csproj", "{F2F26792-D0C8-49DD-8A72-ECBEAAB8F32A}"
EndProject
Project("{2150E333-8FDC-42A3-9474-1A3956D46DE8}") = "Plugins", "Plugins", "{3CE45E0B-D4DB-453E-86EF-6D1DC6FD197E}"
EndProject
Project("{FAE04EC0-301F-11D3-BF4B-00C04F79EFBC}") = "kuiper.Core.ChecksHandler", "Plugins\kuiper.Core.ChecksHandler\kuiper.Core.ChecksHandler.csproj", "{1A42DAB9-DEB5-41F5-B47C-2109C19ACB11}"
EndProject
Project("{FAE04EC0-301F-11D3-BF4B-00C04F79EFBC}") = "kuiper.Core.ConnectHandler", "Plugins\kuiper.Core.ConnectHandler\kuiper.Core.ConnectHandler.csproj", "{AC164DFC-2994-8C8D-8642-5BAC1EAD7F88}"
EndProject
Project("{FAE04EC0-301F-11D3-BF4B-00C04F79EFBC}") = "kuiper.Core.ChatHandler", "Plugins\kuiper.Core.ChatHandler\kuiper.Core.ChatHandler.csproj", "{D4A378BC-09B8-4966-8B28-2F9B7179675D}"
EndProject
Global
	GlobalSection(SolutionConfigurationPlatforms) = preSolution
		Debug|Any CPU = Debug|Any CPU
		Release|Any CPU = Release|Any CPU
	EndGlobalSection
	GlobalSection(ProjectConfigurationPlatforms) = postSolution
		{49541CDD-5735-4121-9C92-83B33AB13DB1}.Debug|Any CPU.ActiveCfg = Debug|Any CPU
		{49541CDD-5735-4121-9C92-83B33AB13DB1}.Debug|Any CPU.Build.0 = Debug|Any CPU
		{49541CDD-5735-4121-9C92-83B33AB13DB1}.Release|Any CPU.ActiveCfg = Release|Any CPU
		{49541CDD-5735-4121-9C92-83B33AB13DB1}.Release|Any CPU.Build.0 = Release|Any CPU
		{23879FF8-5BEE-4AB7-9D63-4F2B3404C954}.Debug|Any CPU.ActiveCfg = Debug|Any CPU
		{23879FF8-5BEE-4AB7-9D63-4F2B3404C954}.Debug|Any CPU.Build.0 = Debug|Any CPU
		{23879FF8-5BEE-4AB7-9D63-4F2B3404C954}.Release|Any CPU.ActiveCfg = Release|Any CPU
		{23879FF8-5BEE-4AB7-9D63-4F2B3404C954}.Release|Any CPU.Build.0 = Release|Any CPU
		{701D4B82-C8C2-4AF7-AF99-C2AD90F3311E}.Debug|Any CPU.ActiveCfg = Debug|Any CPU
		{701D4B82-C8C2-4AF7-AF99-C2AD90F3311E}.Debug|Any CPU.Build.0 = Debug|Any CPU
		{701D4B82-C8C2-4AF7-AF99-C2AD90F3311E}.Release|Any CPU.ActiveCfg = Release|Any CPU
		{701D4B82-C8C2-4AF7-AF99-C2AD90F3311E}.Release|Any CPU.Build.0 = Release|Any CPU
		{5A8E8D2F-D423-456C-8D8F-60DD0A271E1D}.Debug|Any CPU.ActiveCfg = Debug|Any CPU
		{5A8E8D2F-D423-456C-8D8F-60DD0A271E1D}.Debug|Any CPU.Build.0 = Debug|Any CPU
		{5A8E8D2F-D423-456C-8D8F-60DD0A271E1D}.Release|Any CPU.ActiveCfg = Release|Any CPU
		{5A8E8D2F-D423-456C-8D8F-60DD0A271E1D}.Release|Any CPU.Build.0 = Release|Any CPU
		{0A2F1FA1-0AE7-4E59-B9C6-A203A60DFC25}.Debug|Any CPU.ActiveCfg = Debug|Any CPU
		{0A2F1FA1-0AE7-4E59-B9C6-A203A60DFC25}.Debug|Any CPU.Build.0 = Debug|Any CPU
		{0A2F1FA1-0AE7-4E59-B9C6-A203A60DFC25}.Release|Any CPU.ActiveCfg = Release|Any CPU
		{0A2F1FA1-0AE7-4E59-B9C6-A203A60DFC25}.Release|Any CPU.Build.0 = Release|Any CPU
		{695FE8D8-FFE4-409E-B8DF-4DDF4F6E31BC}.Debug|Any CPU.ActiveCfg = Debug|Any CPU
		{695FE8D8-FFE4-409E-B8DF-4DDF4F6E31BC}.Debug|Any CPU.Build.0 = Debug|Any CPU
		{695FE8D8-FFE4-409E-B8DF-4DDF4F6E31BC}.Release|Any CPU.ActiveCfg = Release|Any CPU
		{695FE8D8-FFE4-409E-B8DF-4DDF4F6E31BC}.Release|Any CPU.Build.0 = Release|Any CPU
		{F2F26792-D0C8-49DD-8A72-ECBEAAB8F32A}.Debug|Any CPU.ActiveCfg = Debug|Any CPU
		{F2F26792-D0C8-49DD-8A72-ECBEAAB8F32A}.Debug|Any CPU.Build.0 = Debug|Any CPU
		{F2F26792-D0C8-49DD-8A72-ECBEAAB8F32A}.Release|Any CPU.ActiveCfg = Release|Any CPU
		{F2F26792-D0C8-49DD-8A72-ECBEAAB8F32A}.Release|Any CPU.Build.0 = Release|Any CPU
		{1A42DAB9-DEB5-41F5-B47C-2109C19ACB11}.Debug|Any CPU.ActiveCfg = Debug|Any CPU
		{1A42DAB9-DEB5-41F5-B47C-2109C19ACB11}.Debug|Any CPU.Build.0 = Debug|Any CPU
		{1A42DAB9-DEB5-41F5-B47C-2109C19ACB11}.Release|Any CPU.ActiveCfg = Release|Any CPU
		{1A42DAB9-DEB5-41F5-B47C-2109C19ACB11}.Release|Any CPU.Build.0 = Release|Any CPU
		{AC164DFC-2994-8C8D-8642-5BAC1EAD7F88}.Debug|Any CPU.ActiveCfg = Debug|Any CPU
		{AC164DFC-2994-8C8D-8642-5BAC1EAD7F88}.Debug|Any CPU.Build.0 = Debug|Any CPU
		{AC164DFC-2994-8C8D-8642-5BAC1EAD7F88}.Release|Any CPU.ActiveCfg = Release|Any CPU
		{AC164DFC-2994-8C8D-8642-5BAC1EAD7F88}.Release|Any CPU.Build.0 = Release|Any CPU
		{D4A378BC-09B8-4966-8B28-2F9B7179675D}.Debug|Any CPU.ActiveCfg = Debug|Any CPU
		{D4A378BC-09B8-4966-8B28-2F9B7179675D}.Debug|Any CPU.Build.0 = Debug|Any CPU
		{D4A378BC-09B8-4966-8B28-2F9B7179675D}.Release|Any CPU.ActiveCfg = Release|Any CPU
		{D4A378BC-09B8-4966-8B28-2F9B7179675D}.Release|Any CPU.Build.0 = Release|Any CPU
	EndGlobalSection
	GlobalSection(SolutionProperties) = preSolution
		HideSolutionNode = FALSE
	EndGlobalSection
	GlobalSection(NestedProjects) = preSolution
		{1A42DAB9-DEB5-41F5-B47C-2109C19ACB11} = {3CE45E0B-D4DB-453E-86EF-6D1DC6FD197E}
		{AC164DFC-2994-8C8D-8642-5BAC1EAD7F88} = {3CE45E0B-D4DB-453E-86EF-6D1DC6FD197E}
		{D4A378BC-09B8-4966-8B28-2F9B7179675D} = {3CE45E0B-D4DB-453E-86EF-6D1DC6FD197E}
	EndGlobalSection
	GlobalSection(ExtensibilityGlobals) = postSolution
		SolutionGuid = {93AA82D1-07D9-40D4-AB36-6DC820E658E4}
	EndGlobalSection
EndGlobal
