
Microsoft Visual Studio Solution File, Format Version 12.00
# Visual Studio Version 18
VisualStudioVersion = 18.1.11312.151 d18.0
MinimumVisualStudioVersion = 10.0.40219.1
Project("{FAE04EC0-301F-11D3-BF4B-00C04F79EFBC}") = "kbo", "kbo\kbo.csproj", "{49541CDD-5735-4121-9C92-83B33AB13DB1}"
EndProject
Project("{FAE04EC0-301F-11D3-BF4B-00C04F79EFBC}") = "belters", "belters\belters.csproj", "{23879FF8-5BEE-4AB7-9D63-4F2B3404C954}"
EndProject
Project("{FAE04EC0-301F-11D3-BF4B-00C04F79EFBC}") = "spaceport", "spaceport\spaceport.csproj", "{701D4B82-C8C2-4AF7-AF99-C2AD90F3311E}"
EndProject
Project("{FAE04EC0-301F-11D3-BF4B-00C04F79EFBC}") = "stm", "stm\stm.csproj", "{5A8E8D2F-D423-456C-8D8F-60DD0A271E1D}"
EndProject
Project("{FAE04EC0-301F-11D3-BF4B-00C04F79EFBC}") = "telescope", "telescope\telescope.csproj", "{0A2F1FA1-0AE7-4E59-B9C6-A203A60DFC25}"
EndProject
Project("{FAE04EC0-301F-11D3-BF4B-00C04F79EFBC}") = "kuiper", "kuiper\kuiper.csproj", "{E67E92B6-97C2-432B-8771-3E915D82EC59}"
EndProject
Project("{2150E333-8FDC-42A3-9474-1A3956D46DE8}") = "Solution Items", "Solution Items", "{F252BD60-32DB-4382-B0A0-71B188A86867}"
	ProjectSection(SolutionItems) = preProject
		README.md = README.md
	EndProjectSection
EndProject
Global
	GlobalSection(SolutionConfigurationPlatforms) = preSolution
		Debug|Any CPU = Debug|Any CPU
		Release|Any CPU = Release|Any CPU
	EndGlobalSection
	GlobalSection(ProjectConfigurationPlatforms) = postSolution
		{49541CDD-5735-4121-9C92-83B33AB13DB1}.Debug|Any CPU.ActiveCfg = Debug|Any CPU
		{49541CDD-5735-4121-9C92-83B33AB13DB1}.Debug|Any CPU.Build.0 = Debug|Any CPU
		{49541CDD-5735-4121-9C92-83B33AB13DB1}.Release|Any CPU.ActiveCfg = Release|Any CPU
		{49541CDD-5735-4121-9C92-83B33AB13DB1}.Release|Any CPU.Build.0 = Release|Any CPU
		{23879FF8-5BEE-4AB7-9D63-4F2B3404C954}.Debug|Any CPU.ActiveCfg = Debug|Any CPU
		{23879FF8-5BEE-4AB7-9D63-4F2B3404C954}.Debug|Any CPU.Build.0 = Debug|Any CPU
		{23879FF8-5BEE-4AB7-9D63-4F2B3404C954}.Release|Any CPU.ActiveCfg = Release|Any CPU
		{23879FF8-5BEE-4AB7-9D63-4F2B3404C954}.Release|Any CPU.Build.0 = Release|Any CPU
		{701D4B82-C8C2-4AF7-AF99-C2AD90F3311E}.Debug|Any CPU.ActiveCfg = Debug|Any CPU
		{701D4B82-C8C2-4AF7-AF99-C2AD90F3311E}.Debug|Any CPU.Build.0 = Debug|Any CPU
		{701D4B82-C8C2-4AF7-AF99-C2AD90F3311E}.Release|Any CPU.ActiveCfg = Release|Any CPU
		{701D4B82-C8C2-4AF7-AF99-C2AD90F3311E}.Release|Any CPU.Build.0 = Release|Any CPU
		{5A8E8D2F-D423-456C-8D8F-60DD0A271E1D}.Debug|Any CPU.ActiveCfg = Debug|Any CPU
		{5A8E8D2F-D423-456C-8D8F-60DD0A271E1D}.Debug|Any CPU.Build.0 = Debug|Any CPU
		{5A8E8D2F-D423-456C-8D8F-60DD0A271E1D}.Release|Any CPU.ActiveCfg = Release|Any CPU
		{5A8E8D2F-D423-456C-8D8F-60DD0A271E1D}.Release|Any CPU.Build.0 = Release|Any CPU
		{0A2F1FA1-0AE7-4E59-B9C6-A203A60DFC25}.Debug|Any CPU.ActiveCfg = Debug|Any CPU
		{0A2F1FA1-0AE7-4E59-B9C6-A203A60DFC25}.Debug|Any CPU.Build.0 = Debug|Any CPU
		{0A2F1FA1-0AE7-4E59-B9C6-A203A60DFC25}.Release|Any CPU.ActiveCfg = Release|Any CPU
		{0A2F1FA1-0AE7-4E59-B9C6-A203A60DFC25}.Release|Any CPU.Build.0 = Release|Any CPU
		{E67E92B6-97C2-432B-8771-3E915D82EC59}.Debug|Any CPU.ActiveCfg = Debug|Any CPU
		{E67E92B6-97C2-432B-8771-3E915D82EC59}.Debug|Any CPU.Build.0 = Debug|Any CPU
		{E67E92B6-97C2-432B-8771-3E915D82EC59}.Release|Any CPU.ActiveCfg = Release|Any CPU
		{E67E92B6-97C2-432B-8771-3E915D82EC59}.Release|Any CPU.Build.0 = Release|Any CPU
	EndGlobalSection
	GlobalSection(SolutionProperties) = preSolution
		HideSolutionNode = FALSE
	EndGlobalSection
	GlobalSection(ExtensibilityGlobals) = postSolution
		SolutionGuid = {93AA82D1-07D9-40D4-AB36-6DC820E658E4}
	EndGlobalSection
EndGlobal
